
Microsoft Visual Studio Solution File, Format Version 12.00
# Visual Studio Version 17
VisualStudioVersion = 17.12.35527.113 d17.12
MinimumVisualStudioVersion = 10.0.40219.1
Project("{FAE04EC0-301F-11D3-BF4B-00C04F79EFBC}") = "MagicShop.API", "MagicShop.API\MagicShop.API.csproj", "{DB0CD8B1-0AD2-45BE-809E-EAF280C709F6}"
EndProject
Project("{FAE04EC0-301F-11D3-BF4B-00C04F79EFBC}") = "MagicShop.Entity", "MagicShop.Entity\MagicShop.Entity.csproj", "{9822C534-3155-4AB2-944B-FA169D1A0E97}"
EndProject
Project("{FAE04EC0-301F-11D3-BF4B-00C04F79EFBC}") = "MagicShop.Models", "MagicShop.Models\MagicShop.Models.csproj", "{1F25F94E-1A91-443D-9322-7EAFE43FF1AF}"
EndProject
Global
	GlobalSection(SolutionConfigurationPlatforms) = preSolution
		Debug|Any CPU = Debug|Any CPU
		Release|Any CPU = Release|Any CPU
	EndGlobalSection
	GlobalSection(ProjectConfigurationPlatforms) = postSolution
		{DB0CD8B1-0AD2-45BE-809E-EAF280C709F6}.Debug|Any CPU.ActiveCfg = Debug|Any CPU
		{DB0CD8B1-0AD2-45BE-809E-EAF280C709F6}.Debug|Any CPU.Build.0 = Debug|Any CPU
		{DB0CD8B1-0AD2-45BE-809E-EAF280C709F6}.Release|Any CPU.ActiveCfg = Release|Any CPU
		{DB0CD8B1-0AD2-45BE-809E-EAF280C709F6}.Release|Any CPU.Build.0 = Release|Any CPU
		{9822C534-3155-4AB2-944B-FA169D1A0E97}.Debug|Any CPU.ActiveCfg = Debug|Any CPU
		{9822C534-3155-4AB2-944B-FA169D1A0E97}.Debug|Any CPU.Build.0 = Debug|Any CPU
		{9822C534-3155-4AB2-944B-FA169D1A0E97}.Release|Any CPU.ActiveCfg = Release|Any CPU
		{9822C534-3155-4AB2-944B-FA169D1A0E97}.Release|Any CPU.Build.0 = Release|Any CPU
		{1F25F94E-1A91-443D-9322-7EAFE43FF1AF}.Debug|Any CPU.ActiveCfg = Debug|Any CPU
		{1F25F94E-1A91-443D-9322-7EAFE43FF1AF}.Debug|Any CPU.Build.0 = Debug|Any CPU
		{1F25F94E-1A91-443D-9322-7EAFE43FF1AF}.Release|Any CPU.ActiveCfg = Release|Any CPU
		{1F25F94E-1A91-443D-9322-7EAFE43FF1AF}.Release|Any CPU.Build.0 = Release|Any CPU
	EndGlobalSection
	GlobalSection(SolutionProperties) = preSolution
		HideSolutionNode = FALSE
	EndGlobalSection
EndGlobal
